// !$*UTF8*$!
{
	archiveVersion = 1;
	classes = {
	};
	objectVersion = 55;
	objects = {

/* Begin PBXBuildFile section */
		7C23FA2C285752B50067CE4C /* AppDelegate.swift in Sources */ = {isa = PBXBuildFile; fileRef = 7C23FA2B285752B50067CE4C /* AppDelegate.swift */; };
		7C23FA2E285752B50067CE4C /* GameScene.sks in Resources */ = {isa = PBXBuildFile; fileRef = 7C23FA2D285752B50067CE4C /* GameScene.sks */; };
		7C23FA32285752B50067CE4C /* GameScene.swift in Sources */ = {isa = PBXBuildFile; fileRef = 7C23FA31285752B50067CE4C /* GameScene.swift */; };
		7C23FA34285752B50067CE4C /* GameViewController.swift in Sources */ = {isa = PBXBuildFile; fileRef = 7C23FA33285752B50067CE4C /* GameViewController.swift */; };
		7C23FA37285752B50067CE4C /* Main.storyboard in Resources */ = {isa = PBXBuildFile; fileRef = 7C23FA35285752B50067CE4C /* Main.storyboard */; };
		7C23FA39285752B70067CE4C /* Assets.xcassets in Resources */ = {isa = PBXBuildFile; fileRef = 7C23FA38285752B70067CE4C /* Assets.xcassets */; };
		7C23FA3C285752B70067CE4C /* LaunchScreen.storyboard in Resources */ = {isa = PBXBuildFile; fileRef = 7C23FA3A285752B70067CE4C /* LaunchScreen.storyboard */; };
		7C23FA46285752B70067CE4C /* SpaceRaceTests.swift in Sources */ = {isa = PBXBuildFile; fileRef = 7C23FA45285752B70067CE4C /* SpaceRaceTests.swift */; };
		7C23FA50285752B70067CE4C /* SpaceRaceUITests.swift in Sources */ = {isa = PBXBuildFile; fileRef = 7C23FA4F285752B70067CE4C /* SpaceRaceUITests.swift */; };
		7C23FA52285752B70067CE4C /* SpaceRaceUITestsLaunchTests.swift in Sources */ = {isa = PBXBuildFile; fileRef = 7C23FA51285752B70067CE4C /* SpaceRaceUITestsLaunchTests.swift */; };
		7C23FA62285758A40067CE4C /* explosion.sks in Resources */ = {isa = PBXBuildFile; fileRef = 7C23FA60285758A40067CE4C /* explosion.sks */; };
		7C23FA63285758A40067CE4C /* starfield.sks in Resources */ = {isa = PBXBuildFile; fileRef = 7C23FA61285758A40067CE4C /* starfield.sks */; };
/* End PBXBuildFile section */

/* Begin PBXContainerItemProxy section */
		7C23FA42285752B70067CE4C /* PBXContainerItemProxy */ = {
			isa = PBXContainerItemProxy;
			containerPortal = 7C23FA20285752B50067CE4C /* Project object */;
			proxyType = 1;
			remoteGlobalIDString = 7C23FA27285752B50067CE4C;
			remoteInfo = SpaceRace;
		};
		7C23FA4C285752B70067CE4C /* PBXContainerItemProxy */ = {
			isa = PBXContainerItemProxy;
			containerPortal = 7C23FA20285752B50067CE4C /* Project object */;
			proxyType = 1;
			remoteGlobalIDString = 7C23FA27285752B50067CE4C;
			remoteInfo = SpaceRace;
		};
/* End PBXContainerItemProxy section */

/* Begin PBXFileReference section */
		7C23FA28285752B50067CE4C /* SpaceRace.app */ = {isa = PBXFileReference; explicitFileType = wrapper.application; includeInIndex = 0; path = SpaceRace.app; sourceTree = BUILT_PRODUCTS_DIR; };
		7C23FA2B285752B50067CE4C /* AppDelegate.swift */ = {isa = PBXFileReference; lastKnownFileType = sourcecode.swift; path = AppDelegate.swift; sourceTree = "<group>"; };
		7C23FA2D285752B50067CE4C /* GameScene.sks */ = {isa = PBXFileReference; lastKnownFileType = file.sks; path = GameScene.sks; sourceTree = "<group>"; };
		7C23FA31285752B50067CE4C /* GameScene.swift */ = {isa = PBXFileReference; lastKnownFileType = sourcecode.swift; path = GameScene.swift; sourceTree = "<group>"; };
		7C23FA33285752B50067CE4C /* GameViewController.swift */ = {isa = PBXFileReference; lastKnownFileType = sourcecode.swift; path = GameViewController.swift; sourceTree = "<group>"; };
		7C23FA36285752B50067CE4C /* Base */ = {isa = PBXFileReference; lastKnownFileType = file.storyboard; name = Base; path = Base.lproj/Main.storyboard; sourceTree = "<group>"; };
		7C23FA38285752B70067CE4C /* Assets.xcassets */ = {isa = PBXFileReference; lastKnownFileType = folder.assetcatalog; path = Assets.xcassets; sourceTree = "<group>"; };
		7C23FA3B285752B70067CE4C /* Base */ = {isa = PBXFileReference; lastKnownFileType = file.storyboard; name = Base; path = Base.lproj/LaunchScreen.storyboard; sourceTree = "<group>"; };
		7C23FA41285752B70067CE4C /* SpaceRaceTests.xctest */ = {isa = PBXFileReference; explicitFileType = wrapper.cfbundle; includeInIndex = 0; path = SpaceRaceTests.xctest; sourceTree = BUILT_PRODUCTS_DIR; };
		7C23FA45285752B70067CE4C /* SpaceRaceTests.swift */ = {isa = PBXFileReference; lastKnownFileType = sourcecode.swift; path = SpaceRaceTests.swift; sourceTree = "<group>"; };
		7C23FA4B285752B70067CE4C /* SpaceRaceUITests.xctest */ = {isa = PBXFileReference; explicitFileType = wrapper.cfbundle; includeInIndex = 0; path = SpaceRaceUITests.xctest; sourceTree = BUILT_PRODUCTS_DIR; };
		7C23FA4F285752B70067CE4C /* SpaceRaceUITests.swift */ = {isa = PBXFileReference; lastKnownFileType = sourcecode.swift; path = SpaceRaceUITests.swift; sourceTree = "<group>"; };
		7C23FA51285752B70067CE4C /* SpaceRaceUITestsLaunchTests.swift */ = {isa = PBXFileReference; lastKnownFileType = sourcecode.swift; path = SpaceRaceUITestsLaunchTests.swift; sourceTree = "<group>"; };
		7C23FA60285758A40067CE4C /* explosion.sks */ = {isa = PBXFileReference; lastKnownFileType = file.sks; path = explosion.sks; sourceTree = "<group>"; };
		7C23FA61285758A40067CE4C /* starfield.sks */ = {isa = PBXFileReference; lastKnownFileType = file.sks; path = starfield.sks; sourceTree = "<group>"; };
/* End PBXFileReference section */

/* Begin PBXFrameworksBuildPhase section */
		7C23FA25285752B50067CE4C /* Frameworks */ = {
			isa = PBXFrameworksBuildPhase;
			buildActionMask = 2147483647;
			files = (
			);
			runOnlyForDeploymentPostprocessing = 0;
		};
		7C23FA3E285752B70067CE4C /* Frameworks */ = {
			isa = PBXFrameworksBuildPhase;
			buildActionMask = 2147483647;
			files = (
			);
			runOnlyForDeploymentPostprocessing = 0;
		};
		7C23FA48285752B70067CE4C /* Frameworks */ = {
			isa = PBXFrameworksBuildPhase;
			buildActionMask = 2147483647;
			files = (
			);
			runOnlyForDeploymentPostprocessing = 0;
		};
/* End PBXFrameworksBuildPhase section */

/* Begin PBXGroup section */
		7C23FA1F285752B50067CE4C = {
			isa = PBXGroup;
			children = (
				7C23FA2A285752B50067CE4C /* SpaceRace */,
				7C23FA44285752B70067CE4C /* SpaceRaceTests */,
				7C23FA4E285752B70067CE4C /* SpaceRaceUITests */,
				7C23FA29285752B50067CE4C /* Products */,
			);
			sourceTree = "<group>";
		};
		7C23FA29285752B50067CE4C /* Products */ = {
			isa = PBXGroup;
			children = (
				7C23FA28285752B50067CE4C /* SpaceRace.app */,
				7C23FA41285752B70067CE4C /* SpaceRaceTests.xctest */,
				7C23FA4B285752B70067CE4C /* SpaceRaceUITests.xctest */,
			);
			name = Products;
			sourceTree = "<group>";
		};
		7C23FA2A285752B50067CE4C /* SpaceRace */ = {
			isa = PBXGroup;
			children = (
				7C23FA60285758A40067CE4C /* explosion.sks */,
				7C23FA61285758A40067CE4C /* starfield.sks */,
				7C23FA2B285752B50067CE4C /* AppDelegate.swift */,
				7C23FA2D285752B50067CE4C /* GameScene.sks */,
				7C23FA31285752B50067CE4C /* GameScene.swift */,
				7C23FA33285752B50067CE4C /* GameViewController.swift */,
				7C23FA35285752B50067CE4C /* Main.storyboard */,
				7C23FA38285752B70067CE4C /* Assets.xcassets */,
				7C23FA3A285752B70067CE4C /* LaunchScreen.storyboard */,
			);
			path = SpaceRace;
			sourceTree = "<group>";
		};
		7C23FA44285752B70067CE4C /* SpaceRaceTests */ = {
			isa = PBXGroup;
			children = (
				7C23FA45285752B70067CE4C /* SpaceRaceTests.swift */,
			);
			path = SpaceRaceTests;
			sourceTree = "<group>";
		};
		7C23FA4E285752B70067CE4C /* SpaceRaceUITests */ = {
			isa = PBXGroup;
			children = (
				7C23FA4F285752B70067CE4C /* SpaceRaceUITests.swift */,
				7C23FA51285752B70067CE4C /* SpaceRaceUITestsLaunchTests.swift */,
			);
			path = SpaceRaceUITests;
			sourceTree = "<group>";
		};
/* End PBXGroup section */

/* Begin PBXNativeTarget section */
		7C23FA27285752B50067CE4C /* SpaceRace */ = {
			isa = PBXNativeTarget;
			buildConfigurationList = 7C23FA55285752B70067CE4C /* Build configuration list for PBXNativeTarget "SpaceRace" */;
			buildPhases = (
				7C23FA24285752B50067CE4C /* Sources */,
				7C23FA25285752B50067CE4C /* Frameworks */,
				7C23FA26285752B50067CE4C /* Resources */,
			);
			buildRules = (
			);
			dependencies = (
			);
			name = SpaceRace;
			productName = SpaceRace;
			productReference = 7C23FA28285752B50067CE4C /* SpaceRace.app */;
			productType = "com.apple.product-type.application";
		};
		7C23FA40285752B70067CE4C /* SpaceRaceTests */ = {
			isa = PBXNativeTarget;
			buildConfigurationList = 7C23FA58285752B70067CE4C /* Build configuration list for PBXNativeTarget "SpaceRaceTests" */;
			buildPhases = (
				7C23FA3D285752B70067CE4C /* Sources */,
				7C23FA3E285752B70067CE4C /* Frameworks */,
				7C23FA3F285752B70067CE4C /* Resources */,
			);
			buildRules = (
			);
			dependencies = (
				7C23FA43285752B70067CE4C /* PBXTargetDependency */,
			);
			name = SpaceRaceTests;
			productName = SpaceRaceTests;
			productReference = 7C23FA41285752B70067CE4C /* SpaceRaceTests.xctest */;
			productType = "com.apple.product-type.bundle.unit-test";
		};
		7C23FA4A285752B70067CE4C /* SpaceRaceUITests */ = {
			isa = PBXNativeTarget;
			buildConfigurationList = 7C23FA5B285752B70067CE4C /* Build configuration list for PBXNativeTarget "SpaceRaceUITests" */;
			buildPhases = (
				7C23FA47285752B70067CE4C /* Sources */,
				7C23FA48285752B70067CE4C /* Frameworks */,
				7C23FA49285752B70067CE4C /* Resources */,
			);
			buildRules = (
			);
			dependencies = (
				7C23FA4D285752B70067CE4C /* PBXTargetDependency */,
			);
			name = SpaceRaceUITests;
			productName = SpaceRaceUITests;
			productReference = 7C23FA4B285752B70067CE4C /* SpaceRaceUITests.xctest */;
			productType = "com.apple.product-type.bundle.ui-testing";
		};
/* End PBXNativeTarget section */

/* Begin PBXProject section */
		7C23FA20285752B50067CE4C /* Project object */ = {
			isa = PBXProject;
			attributes = {
				BuildIndependentTargetsInParallel = 1;
				LastSwiftUpdateCheck = 1340;
				LastUpgradeCheck = 1340;
				TargetAttributes = {
					7C23FA27285752B50067CE4C = {
						CreatedOnToolsVersion = 13.4.1;
					};
					7C23FA40285752B70067CE4C = {
						CreatedOnToolsVersion = 13.4.1;
						TestTargetID = 7C23FA27285752B50067CE4C;
					};
					7C23FA4A285752B70067CE4C = {
						CreatedOnToolsVersion = 13.4.1;
						TestTargetID = 7C23FA27285752B50067CE4C;
					};
				};
			};
			buildConfigurationList = 7C23FA23285752B50067CE4C /* Build configuration list for PBXProject "SpaceRace" */;
			compatibilityVersion = "Xcode 13.0";
			developmentRegion = en;
			hasScannedForEncodings = 0;
			knownRegions = (
				en,
				Base,
			);
			mainGroup = 7C23FA1F285752B50067CE4C;
			productRefGroup = 7C23FA29285752B50067CE4C /* Products */;
			projectDirPath = "";
			projectRoot = "";
			targets = (
				7C23FA27285752B50067CE4C /* SpaceRace */,
				7C23FA40285752B70067CE4C /* SpaceRaceTests */,
				7C23FA4A285752B70067CE4C /* SpaceRaceUITests */,
			);
		};
/* End PBXProject section */

/* Begin PBXResourcesBuildPhase section */
		7C23FA26285752B50067CE4C /* Resources */ = {
			isa = PBXResourcesBuildPhase;
			buildActionMask = 2147483647;
			files = (
				7C23FA37285752B50067CE4C /* Main.storyboard in Resources */,
				7C23FA2E285752B50067CE4C /* GameScene.sks in Resources */,
				7C23FA39285752B70067CE4C /* Assets.xcassets in Resources */,
				7C23FA62285758A40067CE4C /* explosion.sks in Resources */,
				7C23FA63285758A40067CE4C /* starfield.sks in Resources */,
				7C23FA3C285752B70067CE4C /* LaunchScreen.storyboard in Resources */,
			);
			runOnlyForDeploymentPostprocessing = 0;
		};
		7C23FA3F285752B70067CE4C /* Resources */ = {
			isa = PBXResourcesBuildPhase;
			buildActionMask = 2147483647;
			files = (
			);
			runOnlyForDeploymentPostprocessing = 0;
		};
		7C23FA49285752B70067CE4C /* Resources */ = {
			isa = PBXResourcesBuildPhase;
			buildActionMask = 2147483647;
			files = (
			);
			runOnlyForDeploymentPostprocessing = 0;
		};
/* End PBXResourcesBuildPhase section */

/* Begin PBXSourcesBuildPhase section */
		7C23FA24285752B50067CE4C /* Sources */ = {
			isa = PBXSourcesBuildPhase;
			buildActionMask = 2147483647;
			files = (
				7C23FA32285752B50067CE4C /* GameScene.swift in Sources */,
				7C23FA34285752B50067CE4C /* GameViewController.swift in Sources */,
				7C23FA2C285752B50067CE4C /* AppDelegate.swift in Sources */,
			);
			runOnlyForDeploymentPostprocessing = 0;
		};
		7C23FA3D285752B70067CE4C /* Sources */ = {
			isa = PBXSourcesBuildPhase;
			buildActionMask = 2147483647;
			files = (
				7C23FA46285752B70067CE4C /* SpaceRaceTests.swift in Sources */,
			);
			runOnlyForDeploymentPostprocessing = 0;
		};
		7C23FA47285752B70067CE4C /* Sources */ = {
			isa = PBXSourcesBuildPhase;
			buildActionMask = 2147483647;
			files = (
				7C23FA52285752B70067CE4C /* SpaceRaceUITestsLaunchTests.swift in Sources */,
				7C23FA50285752B70067CE4C /* SpaceRaceUITests.swift in Sources */,
			);
			runOnlyForDeploymentPostprocessing = 0;
		};
/* End PBXSourcesBuildPhase section */

/* Begin PBXTargetDependency section */
		7C23FA43285752B70067CE4C /* PBXTargetDependency */ = {
			isa = PBXTargetDependency;
			target = 7C23FA27285752B50067CE4C /* SpaceRace */;
			targetProxy = 7C23FA42285752B70067CE4C /* PBXContainerItemProxy */;
		};
		7C23FA4D285752B70067CE4C /* PBXTargetDependency */ = {
			isa = PBXTargetDependency;
			target = 7C23FA27285752B50067CE4C /* SpaceRace */;
			targetProxy = 7C23FA4C285752B70067CE4C /* PBXContainerItemProxy */;
		};
/* End PBXTargetDependency section */

/* Begin PBXVariantGroup section */
		7C23FA35285752B50067CE4C /* Main.storyboard */ = {
			isa = PBXVariantGroup;
			children = (
				7C23FA36285752B50067CE4C /* Base */,
			);
			name = Main.storyboard;
			sourceTree = "<group>";
		};
		7C23FA3A285752B70067CE4C /* LaunchScreen.storyboard */ = {
			isa = PBXVariantGroup;
			children = (
				7C23FA3B285752B70067CE4C /* Base */,
			);
			name = LaunchScreen.storyboard;
			sourceTree = "<group>";
		};
/* End PBXVariantGroup section */

/* Begin XCBuildConfiguration section */
		7C23FA53285752B70067CE4C /* Debug */ = {
			isa = XCBuildConfiguration;
			buildSettings = {
				ALWAYS_SEARCH_USER_PATHS = NO;
				CLANG_ANALYZER_NONNULL = YES;
				CLANG_ANALYZER_NUMBER_OBJECT_CONVERSION = YES_AGGRESSIVE;
				CLANG_CXX_LANGUAGE_STANDARD = "gnu++17";
				CLANG_ENABLE_MODULES = YES;
				CLANG_ENABLE_OBJC_ARC = YES;
				CLANG_ENABLE_OBJC_WEAK = YES;
				CLANG_WARN_BLOCK_CAPTURE_AUTORELEASING = YES;
				CLANG_WARN_BOOL_CONVERSION = YES;
				CLANG_WARN_COMMA = YES;
				CLANG_WARN_CONSTANT_CONVERSION = YES;
				CLANG_WARN_DEPRECATED_OBJC_IMPLEMENTATIONS = YES;
				CLANG_WARN_DIRECT_OBJC_ISA_USAGE = YES_ERROR;
				CLANG_WARN_DOCUMENTATION_COMMENTS = YES;
				CLANG_WARN_EMPTY_BODY = YES;
				CLANG_WARN_ENUM_CONVERSION = YES;
				CLANG_WARN_INFINITE_RECURSION = YES;
				CLANG_WARN_INT_CONVERSION = YES;
				CLANG_WARN_NON_LITERAL_NULL_CONVERSION = YES;
				CLANG_WARN_OBJC_IMPLICIT_RETAIN_SELF = YES;
				CLANG_WARN_OBJC_LITERAL_CONVERSION = YES;
				CLANG_WARN_OBJC_ROOT_CLASS = YES_ERROR;
				CLANG_WARN_QUOTED_INCLUDE_IN_FRAMEWORK_HEADER = YES;
				CLANG_WARN_RANGE_LOOP_ANALYSIS = YES;
				CLANG_WARN_STRICT_PROTOTYPES = YES;
				CLANG_WARN_SUSPICIOUS_MOVE = YES;
				CLANG_WARN_UNGUARDED_AVAILABILITY = YES_AGGRESSIVE;
				CLANG_WARN_UNREACHABLE_CODE = YES;
				CLANG_WARN__DUPLICATE_METHOD_MATCH = YES;
				COPY_PHASE_STRIP = NO;
				DEBUG_INFORMATION_FORMAT = dwarf;
				ENABLE_STRICT_OBJC_MSGSEND = YES;
				ENABLE_TESTABILITY = YES;
				GCC_C_LANGUAGE_STANDARD = gnu11;
				GCC_DYNAMIC_NO_PIC = NO;
				GCC_NO_COMMON_BLOCKS = YES;
				GCC_OPTIMIZATION_LEVEL = 0;
				GCC_PREPROCESSOR_DEFINITIONS = (
					"DEBUG=1",
					"$(inherited)",
				);
				GCC_WARN_64_TO_32_BIT_CONVERSION = YES;
				GCC_WARN_ABOUT_RETURN_TYPE = YES_ERROR;
				GCC_WARN_UNDECLARED_SELECTOR = YES;
				GCC_WARN_UNINITIALIZED_AUTOS = YES_AGGRESSIVE;
				GCC_WARN_UNUSED_FUNCTION = YES;
				GCC_WARN_UNUSED_VARIABLE = YES;
				IPHONEOS_DEPLOYMENT_TARGET = 15.5;
				MTL_ENABLE_DEBUG_INFO = INCLUDE_SOURCE;
				MTL_FAST_MATH = YES;
				ONLY_ACTIVE_ARCH = YES;
				SDKROOT = iphoneos;
				SWIFT_ACTIVE_COMPILATION_CONDITIONS = DEBUG;
				SWIFT_OPTIMIZATION_LEVEL = "-Onone";
			};
			name = Debug;
		};
		7C23FA54285752B70067CE4C /* Release */ = {
			isa = XCBuildConfiguration;
			buildSettings = {
				ALWAYS_SEARCH_USER_PATHS = NO;
				CLANG_ANALYZER_NONNULL = YES;
				CLANG_ANALYZER_NUMBER_OBJECT_CONVERSION = YES_AGGRESSIVE;
				CLANG_CXX_LANGUAGE_STANDARD = "gnu++17";
				CLANG_ENABLE_MODULES = YES;
				CLANG_ENABLE_OBJC_ARC = YES;
				CLANG_ENABLE_OBJC_WEAK = YES;
				CLANG_WARN_BLOCK_CAPTURE_AUTORELEASING = YES;
				CLANG_WARN_BOOL_CONVERSION = YES;
				CLANG_WARN_COMMA = YES;
				CLANG_WARN_CONSTANT_CONVERSION = YES;
				CLANG_WARN_DEPRECATED_OBJC_IMPLEMENTATIONS = YES;
				CLANG_WARN_DIRECT_OBJC_ISA_USAGE = YES_ERROR;
				CLANG_WARN_DOCUMENTATION_COMMENTS = YES;
				CLANG_WARN_EMPTY_BODY = YES;
				CLANG_WARN_ENUM_CONVERSION = YES;
				CLANG_WARN_INFINITE_RECURSION = YES;
				CLANG_WARN_INT_CONVERSION = YES;
				CLANG_WARN_NON_LITERAL_NULL_CONVERSION = YES;
				CLANG_WARN_OBJC_IMPLICIT_RETAIN_SELF = YES;
				CLANG_WARN_OBJC_LITERAL_CONVERSION = YES;
				CLANG_WARN_OBJC_ROOT_CLASS = YES_ERROR;
				CLANG_WARN_QUOTED_INCLUDE_IN_FRAMEWORK_HEADER = YES;
				CLANG_WARN_RANGE_LOOP_ANALYSIS = YES;
				CLANG_WARN_STRICT_PROTOTYPES = YES;
				CLANG_WARN_SUSPICIOUS_MOVE = YES;
				CLANG_WARN_UNGUARDED_AVAILABILITY = YES_AGGRESSIVE;
				CLANG_WARN_UNREACHABLE_CODE = YES;
				CLANG_WARN__DUPLICATE_METHOD_MATCH = YES;
				COPY_PHASE_STRIP = NO;
				DEBUG_INFORMATION_FORMAT = "dwarf-with-dsym";
				ENABLE_NS_ASSERTIONS = NO;
				ENABLE_STRICT_OBJC_MSGSEND = YES;
				GCC_C_LANGUAGE_STANDARD = gnu11;
				GCC_NO_COMMON_BLOCKS = YES;
				GCC_WARN_64_TO_32_BIT_CONVERSION = YES;
				GCC_WARN_ABOUT_RETURN_TYPE = YES_ERROR;
				GCC_WARN_UNDECLARED_SELECTOR = YES;
				GCC_WARN_UNINITIALIZED_AUTOS = YES_AGGRESSIVE;
				GCC_WARN_UNUSED_FUNCTION = YES;
				GCC_WARN_UNUSED_VARIABLE = YES;
				IPHONEOS_DEPLOYMENT_TARGET = 15.5;
				MTL_ENABLE_DEBUG_INFO = NO;
				MTL_FAST_MATH = YES;
				SDKROOT = iphoneos;
				SWIFT_COMPILATION_MODE = wholemodule;
				SWIFT_OPTIMIZATION_LEVEL = "-O";
				VALIDATE_PRODUCT = YES;
			};
			name = Release;
		};
		7C23FA56285752B70067CE4C /* Debug */ = {
			isa = XCBuildConfiguration;
			buildSettings = {
				ASSETCATALOG_COMPILER_APPICON_NAME = AppIcon;
				ASSETCATALOG_COMPILER_GLOBAL_ACCENT_COLOR_NAME = AccentColor;
				CODE_SIGN_STYLE = Automatic;
				CURRENT_PROJECT_VERSION = 1;
				DEVELOPMENT_TEAM = 39JD9533YH;
				GENERATE_INFOPLIST_FILE = YES;
				INFOPLIST_KEY_UIApplicationSupportsIndirectInputEvents = YES;
				INFOPLIST_KEY_UILaunchStoryboardName = LaunchScreen;
				INFOPLIST_KEY_UIMainStoryboardFile = Main;
				INFOPLIST_KEY_UIStatusBarHidden = YES;
				INFOPLIST_KEY_UISupportedInterfaceOrientations = "UIInterfaceOrientationLandscapeRight UIInterfaceOrientationLandscapeLeft";
				INFOPLIST_KEY_UISupportedInterfaceOrientations_iPad = "UIInterfaceOrientationLandscapeLeft UIInterfaceOrientationLandscapeRight";
				INFOPLIST_KEY_UISupportedInterfaceOrientations_iPhone = "UIInterfaceOrientationPortrait UIInterfaceOrientationLandscapeLeft UIInterfaceOrientationLandscapeRight";
				LD_RUNPATH_SEARCH_PATHS = (
					"$(inherited)",
					"@executable_path/Frameworks",
				);
				MARKETING_VERSION = 1.0;
				PRODUCT_BUNDLE_IDENTIFIER = com.BarneysApps.Wordy.SpaceRace;
				PRODUCT_NAME = "$(TARGET_NAME)";
				SWIFT_EMIT_LOC_STRINGS = YES;
				SWIFT_VERSION = 5.0;
				TARGETED_DEVICE_FAMILY = 2;
			};
			name = Debug;
		};
		7C23FA57285752B70067CE4C /* Release */ = {
			isa = XCBuildConfiguration;
			buildSettings = {
				ASSETCATALOG_COMPILER_APPICON_NAME = AppIcon;
				ASSETCATALOG_COMPILER_GLOBAL_ACCENT_COLOR_NAME = AccentColor;
				CODE_SIGN_STYLE = Automatic;
				CURRENT_PROJECT_VERSION = 1;
				DEVELOPMENT_TEAM = 39JD9533YH;
				GENERATE_INFOPLIST_FILE = YES;
				INFOPLIST_KEY_UIApplicationSupportsIndirectInputEvents = YES;
				INFOPLIST_KEY_UILaunchStoryboardName = LaunchScreen;
				INFOPLIST_KEY_UIMainStoryboardFile = Main;
				INFOPLIST_KEY_UIStatusBarHidden = YES;
				INFOPLIST_KEY_UISupportedInterfaceOrientations = "UIInterfaceOrientationLandscapeRight UIInterfaceOrientationLandscapeLeft";
				INFOPLIST_KEY_UISupportedInterfaceOrientations_iPad = "UIInterfaceOrientationLandscapeLeft UIInterfaceOrientationLandscapeRight";
				INFOPLIST_KEY_UISupportedInterfaceOrientations_iPhone = "UIInterfaceOrientationPortrait UIInterfaceOrientationLandscapeLeft UIInterfaceOrientationLandscapeRight";
				LD_RUNPATH_SEARCH_PATHS = (
					"$(inherited)",
					"@executable_path/Frameworks",
				);
				MARKETING_VERSION = 1.0;
				PRODUCT_BUNDLE_IDENTIFIER = com.BarneysApps.Wordy.SpaceRace;
				PRODUCT_NAME = "$(TARGET_NAME)";
				SWIFT_EMIT_LOC_STRINGS = YES;
				SWIFT_VERSION = 5.0;
				TARGETED_DEVICE_FAMILY = 2;
			};
			name = Release;
		};
		7C23FA59285752B70067CE4C /* Debug */ = {
			isa = XCBuildConfiguration;
			buildSettings = {
				ALWAYS_EMBED_SWIFT_STANDARD_LIBRARIES = YES;
				BUNDLE_LOADER = "$(TEST_HOST)";
				CODE_SIGN_STYLE = Automatic;
				CURRENT_PROJECT_VERSION = 1;
				DEVELOPMENT_TEAM = 39JD9533YH;
				GENERATE_INFOPLIST_FILE = YES;
				IPHONEOS_DEPLOYMENT_TARGET = 15.5;
				MARKETING_VERSION = 1.0;
				PRODUCT_BUNDLE_IDENTIFIER = com.BarneysApps.Wordy.SpaceRaceTests;
				PRODUCT_NAME = "$(TARGET_NAME)";
				SWIFT_EMIT_LOC_STRINGS = NO;
				SWIFT_VERSION = 5.0;
				TARGETED_DEVICE_FAMILY = "1,2";
				TEST_HOST = "$(BUILT_PRODUCTS_DIR)/SpaceRace.app/SpaceRace";
			};
			name = Debug;
		};
		7C23FA5A285752B70067CE4C /* Release */ = {
			isa = XCBuildConfiguration;
			buildSettings = {
				ALWAYS_EMBED_SWIFT_STANDARD_LIBRARIES = YES;
				BUNDLE_LOADER = "$(TEST_HOST)";
				CODE_SIGN_STYLE = Automatic;
				CURRENT_PROJECT_VERSION = 1;
				DEVELOPMENT_TEAM = 39JD9533YH;
				GENERATE_INFOPLIST_FILE = YES;
				IPHONEOS_DEPLOYMENT_TARGET = 15.5;
				MARKETING_VERSION = 1.0;
				PRODUCT_BUNDLE_IDENTIFIER = com.BarneysApps.Wordy.SpaceRaceTests;
				PRODUCT_NAME = "$(TARGET_NAME)";
				SWIFT_EMIT_LOC_STRINGS = NO;
				SWIFT_VERSION = 5.0;
				TARGETED_DEVICE_FAMILY = "1,2";
				TEST_HOST = "$(BUILT_PRODUCTS_DIR)/SpaceRace.app/SpaceRace";
			};
			name = Release;
		};
		7C23FA5C285752B70067CE4C /* Debug */ = {
			isa = XCBuildConfiguration;
			buildSettings = {
				ALWAYS_EMBED_SWIFT_STANDARD_LIBRARIES = YES;
				CODE_SIGN_STYLE = Automatic;
				CURRENT_PROJECT_VERSION = 1;
				DEVELOPMENT_TEAM = 39JD9533YH;
				GENERATE_INFOPLIST_FILE = YES;
				MARKETING_VERSION = 1.0;
				PRODUCT_BUNDLE_IDENTIFIER = com.BarneysApps.Wordy.SpaceRaceUITests;
				PRODUCT_NAME = "$(TARGET_NAME)";
				SWIFT_EMIT_LOC_STRINGS = NO;
				SWIFT_VERSION = 5.0;
				TARGETED_DEVICE_FAMILY = "1,2";
				TEST_TARGET_NAME = SpaceRace;
			};
			name = Debug;
		};
		7C23FA5D285752B70067CE4C /* Release */ = {
			isa = XCBuildConfiguration;
			buildSettings = {
				ALWAYS_EMBED_SWIFT_STANDARD_LIBRARIES = YES;
				CODE_SIGN_STYLE = Automatic;
				CURRENT_PROJECT_VERSION = 1;
				DEVELOPMENT_TEAM = 39JD9533YH;
				GENERATE_INFOPLIST_FILE = YES;
				MARKETING_VERSION = 1.0;
				PRODUCT_BUNDLE_IDENTIFIER = com.BarneysApps.Wordy.SpaceRaceUITests;
				PRODUCT_NAME = "$(TARGET_NAME)";
				SWIFT_EMIT_LOC_STRINGS = NO;
				SWIFT_VERSION = 5.0;
				TARGETED_DEVICE_FAMILY = "1,2";
				TEST_TARGET_NAME = SpaceRace;
			};
			name = Release;
		};
/* End XCBuildConfiguration section */

/* Begin XCConfigurationList section */
		7C23FA23285752B50067CE4C /* Build configuration list for PBXProject "SpaceRace" */ = {
			isa = XCConfigurationList;
			buildConfigurations = (
				7C23FA53285752B70067CE4C /* Debug */,
				7C23FA54285752B70067CE4C /* Release */,
			);
			defaultConfigurationIsVisible = 0;
			defaultConfigurationName = Release;
		};
		7C23FA55285752B70067CE4C /* Build configuration list for PBXNativeTarget "SpaceRace" */ = {
			isa = XCConfigurationList;
			buildConfigurations = (
				7C23FA56285752B70067CE4C /* Debug */,
				7C23FA57285752B70067CE4C /* Release */,
			);
			defaultConfigurationIsVisible = 0;
			defaultConfigurationName = Release;
		};
		7C23FA58285752B70067CE4C /* Build configuration list for PBXNativeTarget "SpaceRaceTests" */ = {
			isa = XCConfigurationList;
			buildConfigurations = (
				7C23FA59285752B70067CE4C /* Debug */,
				7C23FA5A285752B70067CE4C /* Release */,
			);
			defaultConfigurationIsVisible = 0;
			defaultConfigurationName = Release;
		};
		7C23FA5B285752B70067CE4C /* Build configuration list for PBXNativeTarget "SpaceRaceUITests" */ = {
			isa = XCConfigurationList;
			buildConfigurations = (
				7C23FA5C285752B70067CE4C /* Debug */,
				7C23FA5D285752B70067CE4C /* Release */,
			);
			defaultConfigurationIsVisible = 0;
			defaultConfigurationName = Release;
		};
/* End XCConfigurationList section */
	};
	rootObject = 7C23FA20285752B50067CE4C /* Project object */;
}
